{
  "name": "ripe-prod",
  "version": "1.0.0",
  "lockfileVersion": 3,
  "requires": true,
  "packages": {
    "": {
      "name": "ripe-prod",
      "version": "1.0.0",
      "dependencies": {
        "@codetailor/split-json": "^1.0.3",
        "@types/node": "^20.12.7",
        "@types/ws": "^8.5.10",
        "kafkajs": "^2.2.4",
        "stream-json": "^1.8.0",
        "typescript": "^5.4.5",
        "ws": "^8.17.0"
      },
      "optionalDependencies": {
        "all": "^0.0.0",
        "bufferutil": "^4.0.8"
      }
    },
    "node_modules/@codetailor/split-json": {
      "version": "1.0.3",
      "resolved": "https://registry.npmjs.org/@codetailor/split-json/-/split-json-1.0.3.tgz",
      "integrity": "sha512-Gx482rrsINt+2jodyMmCs+UItg5Ftb1gBXmEhLV2ilwqlfAF1Hb1IHynddJPl3Lb/YEQve3d218C8aj22pwV6Q==",
      "dependencies": {
        "event-stream": "^4.0.1",
        "JSONStream": "^1.3.5"
      }
    },
    "node_modules/@types/node": {
      "version": "20.12.7",
      "resolved": "https://registry.npmjs.org/@types/node/-/node-20.12.7.tgz",
      "integrity": "sha512-wq0cICSkRLVaf3UGLMGItu/PtdY7oaXaI/RVU+xliKVOtRna3PRY57ZDfztpDL0n11vfymMUnXv8QwYCO7L1wg==",
      "dependencies": {
        "undici-types": "~5.26.4"
      }
    },
    "node_modules/@types/ws": {
      "version": "8.5.10",
      "resolved": "https://registry.npmjs.org/@types/ws/-/ws-8.5.10.tgz",
      "integrity": "sha512-vmQSUcfalpIq0R9q7uTo2lXs6eGIpt9wtnLdMv9LVpIjCA/+ufZRozlVoVelIYixx1ugCBKDhn89vnsEGOCx9A==",
      "dependencies": {
        "@types/node": "*"
      }
    },
    "node_modules/all": {
      "version": "0.0.0",
      "resolved": "https://registry.npmjs.org/all/-/all-0.0.0.tgz",
      "integrity": "sha512-0oKlfNVv2d+d7c1gwjGspzgbwot47PGQ4b3v1ccx4mR8l9P/Y6E6Dr/yE8lNT63EcAKEbHo6UG3odDpC/NQcKw==",
      "optional": true
    },
    "node_modules/bufferutil": {
      "version": "4.0.8",
      "resolved": "https://registry.npmjs.org/bufferutil/-/bufferutil-4.0.8.tgz",
      "integrity": "sha512-4T53u4PdgsXqKaIctwF8ifXlRTTmEPJ8iEPWFdGZvcf7sbwYo6FKFEX9eNNAnzFZ7EzJAQ3CJeOtCRA4rDp7Pw==",
      "hasInstallScript": true,
      "optional": true,
      "dependencies": {
        "node-gyp-build": "^4.3.0"
      },
      "engines": {
        "node": ">=6.14.2"
      }
    },
    "node_modules/duplexer": {
      "version": "0.1.2",
      "resolved": "https://registry.npmjs.org/duplexer/-/duplexer-0.1.2.tgz",
      "integrity": "sha512-jtD6YG370ZCIi/9GTaJKQxWTZD045+4R4hTk/x1UyoqadyJ9x9CgSi1RlVDQF8U2sxLLSnFkCaMihqljHIWgMg=="
    },
    "node_modules/event-stream": {
      "version": "4.0.1",
      "resolved": "https://registry.npmjs.org/event-stream/-/event-stream-4.0.1.tgz",
      "integrity": "sha512-qACXdu/9VHPBzcyhdOWR5/IahhGMf0roTeZJfzz077GwylcDd90yOHLouhmv7GJ5XzPi6ekaQWd8AvPP2nOvpA==",
      "dependencies": {
        "duplexer": "^0.1.1",
        "from": "^0.1.7",
        "map-stream": "0.0.7",
        "pause-stream": "^0.0.11",
        "split": "^1.0.1",
        "stream-combiner": "^0.2.2",
        "through": "^2.3.8"
      }
    },
    "node_modules/from": {
      "version": "0.1.7",
      "resolved": "https://registry.npmjs.org/from/-/from-0.1.7.tgz",
      "integrity": "sha512-twe20eF1OxVxp/ML/kq2p1uc6KvFK/+vs8WjEbeKmV2He22MKm7YF2ANIt+EOqhJ5L3K/SuuPhk0hWQDjOM23g=="
    },
    "node_modules/jsonparse": {
      "version": "1.3.1",
      "resolved": "https://registry.npmjs.org/jsonparse/-/jsonparse-1.3.1.tgz",
      "integrity": "sha512-POQXvpdL69+CluYsillJ7SUhKvytYjW9vG/GKpnf+xP8UWgYEM/RaMzHHofbALDiKbbP1W8UEYmgGl39WkPZsg==",
      "engines": [
        "node >= 0.2.0"
      ]
    },
    "node_modules/JSONStream": {
      "version": "1.3.5",
      "resolved": "https://registry.npmjs.org/JSONStream/-/JSONStream-1.3.5.tgz",
      "integrity": "sha512-E+iruNOY8VV9s4JEbe1aNEm6MiszPRr/UfcHMz0TQh1BXSxHK+ASV1R6W4HpjBhSeS+54PIsAMCBmwD06LLsqQ==",
      "dependencies": {
        "jsonparse": "^1.2.0",
        "through": ">=2.2.7 <3"
      },
      "bin": {
        "JSONStream": "bin.js"
      },
      "engines": {
        "node": "*"
      }
    },
    "node_modules/kafkajs": {
      "version": "2.2.4",
      "resolved": "https://registry.npmjs.org/kafkajs/-/kafkajs-2.2.4.tgz",
      "integrity": "sha512-j/YeapB1vfPT2iOIUn/vxdyKEuhuY2PxMBvf5JWux6iSaukAccrMtXEY/Lb7OvavDhOWME589bpLrEdnVHjfjA==",
      "engines": {
        "node": ">=14.0.0"
      }
    },
    "node_modules/map-stream": {
      "version": "0.0.7",
      "resolved": "https://registry.npmjs.org/map-stream/-/map-stream-0.0.7.tgz",
      "integrity": "sha512-C0X0KQmGm3N2ftbTGBhSyuydQ+vV1LC3f3zPvT3RXHXNZrvfPZcoXp/N5DOa8vedX/rTMm2CjTtivFg2STJMRQ=="
    },
    "node_modules/node-gyp-build": {
      "version": "4.8.0",
      "resolved": "https://registry.npmjs.org/node-gyp-build/-/node-gyp-build-4.8.0.tgz",
      "integrity": "sha512-u6fs2AEUljNho3EYTJNBfImO5QTo/J/1Etd+NVdCj7qWKUSN/bSLkZwhDv7I+w/MSC6qJ4cknepkAYykDdK8og==",
      "optional": true,
      "bin": {
        "node-gyp-build": "bin.js",
        "node-gyp-build-optional": "optional.js",
        "node-gyp-build-test": "build-test.js"
      }
    },
    "node_modules/pause-stream": {
      "version": "0.0.11",
      "resolved": "https://registry.npmjs.org/pause-stream/-/pause-stream-0.0.11.tgz",
      "integrity": "sha512-e3FBlXLmN/D1S+zHzanP4E/4Z60oFAa3O051qt1pxa7DEJWKAyil6upYVXCWadEnuoqa4Pkc9oUx9zsxYeRv8A==",
      "dependencies": {
        "through": "~2.3"
      }
    },
    "node_modules/split": {
      "version": "1.0.1",
      "resolved": "https://registry.npmjs.org/split/-/split-1.0.1.tgz",
      "integrity": "sha512-mTyOoPbrivtXnwnIxZRFYRrPNtEFKlpB2fvjSnCQUiAA6qAZzqwna5envK4uk6OIeP17CsdF3rSBGYVBsU0Tkg==",
      "dependencies": {
        "through": "2"
      },
      "engines": {
        "node": "*"
      }
    },
    "node_modules/stream-chain": {
      "version": "2.2.5",
      "resolved": "https://registry.npmjs.org/stream-chain/-/stream-chain-2.2.5.tgz",
      "integrity": "sha512-1TJmBx6aSWqZ4tx7aTpBDXK0/e2hhcNSTV8+CbFJtDjbb+I1mZ8lHit0Grw9GRT+6JbIrrDd8esncgBi8aBXGA=="
    },
    "node_modules/stream-combiner": {
      "version": "0.2.2",
      "resolved": "https://registry.npmjs.org/stream-combiner/-/stream-combiner-0.2.2.tgz",
      "integrity": "sha512-6yHMqgLYDzQDcAkL+tjJDC5nSNuNIx0vZtRZeiPh7Saef7VHX9H5Ijn9l2VIol2zaNYlYEX6KyuT/237A58qEQ==",
      "dependencies": {
        "duplexer": "~0.1.1",
        "through": "~2.3.4"
      }
    },
    "node_modules/stream-json": {
      "version": "1.8.0",
      "resolved": "https://registry.npmjs.org/stream-json/-/stream-json-1.8.0.tgz",
      "integrity": "sha512-HZfXngYHUAr1exT4fxlbc1IOce1RYxp2ldeaf97LYCOPSoOqY/1Psp7iGvpb+6JIOgkra9zDYnPX01hGAHzEPw==",
      "dependencies": {
        "stream-chain": "^2.2.5"
      }
    },
    "node_modules/through": {
      "version": "2.3.8",
      "resolved": "https://registry.npmjs.org/through/-/through-2.3.8.tgz",
      "integrity": "sha512-w89qg7PI8wAdvX60bMDP+bFoD5Dvhm9oLheFp5O4a2QF0cSBGsBX4qZmadPMvVqlLJBBci+WqGGOAPvcDeNSVg=="
    },
    "node_modules/typescript": {
      "version": "5.4.5",
      "resolved": "https://registry.npmjs.org/typescript/-/typescript-5.4.5.tgz",
      "integrity": "sha512-vcI4UpRgg81oIRUFwR0WSIHKt11nJ7SAVlYNIu+QpqeyXP+gpQJy/Z4+F0aGxSE4MqwjyXvW/TzgkLAx2AGHwQ==",
      "bin": {
        "tsc": "bin/tsc",
        "tsserver": "bin/tsserver"
      },
      "engines": {
        "node": ">=14.17"
      }
    },
    "node_modules/undici-types": {
      "version": "5.26.5",
      "resolved": "https://registry.npmjs.org/undici-types/-/undici-types-5.26.5.tgz",
      "integrity": "sha512-JlCMO+ehdEIKqlFxk6IfVoAUVmgz7cU7zD/h9XZ0qzeosSHmUJVOzSQvvYSYWXkFXC+IfLKSIffhv0sVZup6pA=="
    },
    "node_modules/ws": {
      "version": "8.17.0",
      "resolved": "https://registry.npmjs.org/ws/-/ws-8.17.0.tgz",
      "integrity": "sha512-uJq6108EgZMAl20KagGkzCKfMEjxmKvZHG7Tlq0Z6nOky7YF7aq4mOx6xK8TJ/i1LeK4Qus7INktacctDgY8Ow==",
      "engines": {
        "node": ">=10.0.0"
      },
      "peerDependencies": {
        "bufferutil": "^4.0.1",
        "utf-8-validate": ">=5.0.2"
      },
      "peerDependenciesMeta": {
        "bufferutil": {
          "optional": true
        },
        "utf-8-validate": {
          "optional": true
        }
      }
    }
  }
}
